
Microsoft Visual Studio Solution File, Format Version 12.00
# Visual Studio Version 17
VisualStudioVersion = 17.4.33213.308
MinimumVisualStudioVersion = 10.0.40219.1
Project("{FAE04EC0-301F-11D3-BF4B-00C04F79EFBC}") = "TDDPractice", "TDDPractice\TDDPractice.csproj", "{939CDAAD-A2C7-4BEA-9C94-E494942CF542}"
EndProject
Global
	GlobalSection(SolutionConfigurationPlatforms) = preSolution
		Debug|Any CPU = Debug|Any CPU
		Release|Any CPU = Release|Any CPU
	EndGlobalSection
	GlobalSection(ProjectConfigurationPlatforms) = postSolution
		{939CDAAD-A2C7-4BEA-9C94-E494942CF542}.Debug|Any CPU.ActiveCfg = Debug|Any CPU
		{939CDAAD-A2C7-4BEA-9C94-E494942CF542}.Debug|Any CPU.Build.0 = Debug|Any CPU
		{939CDAAD-A2C7-4BEA-9C94-E494942CF542}.Release|Any CPU.ActiveCfg = Release|Any CPU
		{939CDAAD-A2C7-4BEA-9C94-E494942CF542}.Release|Any CPU.Build.0 = Release|Any CPU
	EndGlobalSection
	GlobalSection(SolutionProperties) = preSolution
		HideSolutionNode = FALSE
	EndGlobalSection
	GlobalSection(ExtensibilityGlobals) = postSolution
		SolutionGuid = {F671FB3B-113F-4F35-832E-17362FCEBC93}
	EndGlobalSection
EndGlobal
